
Microsoft Visual Studio Solution File, Format Version 12.00
# Visual Studio Version 17
VisualStudioVersion = 17.3.32901.215
MinimumVisualStudioVersion = 10.0.40219.1
Project("{FAE04EC0-301F-11D3-BF4B-00C04F79EFBC}") = "SimpleEmailApp", "SimpleEmailApp\SimpleEmailApp.csproj", "{C19C8A75-44CA-48C2-B825-09CAF2EB51C7}"
EndProject
Global
	GlobalSection(SolutionConfigurationPlatforms) = preSolution
		Debug|Any CPU = Debug|Any CPU
		Release|Any CPU = Release|Any CPU
	EndGlobalSection
	GlobalSection(ProjectConfigurationPlatforms) = postSolution
		{C19C8A75-44CA-48C2-B825-09CAF2EB51C7}.Debug|Any CPU.ActiveCfg = Debug|Any CPU
		{C19C8A75-44CA-48C2-B825-09CAF2EB51C7}.Debug|Any CPU.Build.0 = Debug|Any CPU
		{C19C8A75-44CA-48C2-B825-09CAF2EB51C7}.Release|Any CPU.ActiveCfg = Release|Any CPU
		{C19C8A75-44CA-48C2-B825-09CAF2EB51C7}.Release|Any CPU.Build.0 = Release|Any CPU
	EndGlobalSection
	GlobalSection(SolutionProperties) = preSolution
		HideSolutionNode = FALSE
	EndGlobalSection
	GlobalSection(ExtensibilityGlobals) = postSolution
		SolutionGuid = {86724D5E-EB47-462D-87DC-500300B0317B}
	EndGlobalSection
EndGlobal
